// !$*UTF8*$!
{
	archiveVersion = 1;
	classes = {
	};
	objectVersion = 56;
	objects = {

/* Begin PBXBuildFile section */
		GI0000000000000000001101 /* MechoryApp.swift in Sources */ = {isa = PBXBuildFile; fileRef = GI0000000000000000000001 /* MechoryApp.swift */; };
		GI0000000000000000001104 /* CogTheme.swift in Sources */ = {isa = PBXBuildFile; fileRef = GI0000000000000000000004 /* CogTheme.swift */; };
		GI0000000000000000001105 /* CogIcons.swift in Sources */ = {isa = PBXBuildFile; fileRef = GI0000000000000000000005 /* CogIcons.swift */; };
		GI0000000000000000001106 /* CogModels.swift in Sources */ = {isa = PBXBuildFile; fileRef = GI0000000000000000000006 /* CogModels.swift */; };
		GI0000000000000000001107 /* CogStore.swift in Sources */ = {isa = PBXBuildFile; fileRef = GI0000000000000000000007 /* CogStore.swift */; };
		GI0000000000000000001108 /* MechKit.swift in Sources */ = {isa = PBXBuildFile; fileRef = GI0000000000000000000008 /* MechKit.swift */; };
		GI0000000000000000001109 /* MechScenesHouse.swift in Sources */ = {isa = PBXBuildFile; fileRef = GI0000000000000000000009 /* MechScenesHouse.swift */; };
		GI0000000000000000001110 /* MechScenesGears.swift in Sources */ = {isa = PBXBuildFile; fileRef = GI0000000000000000000010 /* MechScenesGears.swift */; };
		GI0000000000000000001111 /* MechScenesLinkages.swift in Sources */ = {isa = PBXBuildFile; fileRef = GI0000000000000000000011 /* MechScenesLinkages.swift */; };
		GI0000000000000000001112 /* MechScenesMachines.swift in Sources */ = {isa = PBXBuildFile; fileRef = GI0000000000000000000012 /* MechScenesMachines.swift */; };
		GI0000000000000000001113 /* MechLibrary.swift in Sources */ = {isa = PBXBuildFile; fileRef = GI0000000000000000000013 /* MechLibrary.swift */; };
		GI0000000000000000001114 /* MechanismView.swift in Sources */ = {isa = PBXBuildFile; fileRef = GI0000000000000000000014 /* MechanismView.swift */; };
		GI0000000000000000001115 /* WorkshopView.swift in Sources */ = {isa = PBXBuildFile; fileRef = GI0000000000000000000015 /* WorkshopView.swift */; };
		GI0000000000000000001116 /* LibraryWingView.swift in Sources */ = {isa = PBXBuildFile; fileRef = GI0000000000000000000016 /* LibraryWingView.swift */; };
		GI0000000000000000001117 /* LearnView.swift in Sources */ = {isa = PBXBuildFile; fileRef = GI0000000000000000000017 /* LearnView.swift */; };
		GI0000000000000000001118 /* LearnContent.swift in Sources */ = {isa = PBXBuildFile; fileRef = GI0000000000000000000018 /* LearnContent.swift */; };
		GI0000000000000000001119 /* QuizView.swift in Sources */ = {isa = PBXBuildFile; fileRef = GI0000000000000000000019 /* QuizView.swift */; };
		GI0000000000000000001120 /* QuizContent.swift in Sources */ = {isa = PBXBuildFile; fileRef = GI0000000000000000000020 /* QuizContent.swift */; };
		GI0000000000000000001121 /* CogProgressView.swift in Sources */ = {isa = PBXBuildFile; fileRef = GI0000000000000000000021 /* CogProgressView.swift */; };
		GI0000000000000000001122 /* CogMoreView.swift in Sources */ = {isa = PBXBuildFile; fileRef = GI0000000000000000000022 /* CogMoreView.swift */; };
		GI0000000000000000001123 /* CogOnboardingView.swift in Sources */ = {isa = PBXBuildFile; fileRef = GI0000000000000000000023 /* CogOnboardingView.swift */; };
		GI0000000000000000001124 /* CogRootView.swift in Sources */ = {isa = PBXBuildFile; fileRef = GI0000000000000000000024 /* CogRootView.swift */; };
		GI0000000000000000001125 /* CogConfetti.swift in Sources */ = {isa = PBXBuildFile; fileRef = GI0000000000000000000025 /* CogConfetti.swift */; };
		GI0000000000000000000220 /* Assets.xcassets in Resources */ = {isa = PBXBuildFile; fileRef = GI0000000000000000000120 /* Assets.xcassets */; };
		GI0000000000000000000221 /* Art in Resources */ = {isa = PBXBuildFile; fileRef = GI0000000000000000000121 /* Art */; };
		GI0000000000000000000222 /* PrivacyInfo.xcprivacy in Resources */ = {isa = PBXBuildFile; fileRef = GI0000000000000000000124 /* PrivacyInfo.xcprivacy */; };
		GI0000000000000000001126 /* BenchModels.swift in Sources */ = {isa = PBXBuildFile; fileRef = GI0000000000000000000026 /* BenchModels.swift */; };
		GI0000000000000000001127 /* BenchChallenges.swift in Sources */ = {isa = PBXBuildFile; fileRef = GI0000000000000000000027 /* BenchChallenges.swift */; };
		GI0000000000000000001128 /* BenchView.swift in Sources */ = {isa = PBXBuildFile; fileRef = GI0000000000000000000028 /* BenchView.swift */; };
		GI0000000000000000001129 /* BenchSceneView.swift in Sources */ = {isa = PBXBuildFile; fileRef = GI0000000000000000000029 /* BenchSceneView.swift */; };
		GI0000000000000000001130 /* ModelHallView.swift in Sources */ = {isa = PBXBuildFile; fileRef = GI0000000000000000000030 /* ModelHallView.swift */; };
		GI0000000000000000001131 /* RepairContent.swift in Sources */ = {isa = PBXBuildFile; fileRef = GI0000000000000000000031 /* RepairContent.swift */; };
		GI0000000000000000001132 /* RepairView.swift in Sources */ = {isa = PBXBuildFile; fileRef = GI0000000000000000000032 /* RepairView.swift */; };
		GI0000000000000000001133 /* CogGatePanel.swift in Sources */ = {isa = PBXBuildFile; fileRef = GI0000000000000000000033 /* CogGatePanel.swift */; };
		GI0000000000000000001134 /* CogLaunchVeil.swift in Sources */ = {isa = PBXBuildFile; fileRef = GI0000000000000000000034 /* CogLaunchVeil.swift */; };
/* End PBXBuildFile section */

/* Begin PBXFileReference section */
		GI0000000000000000000001 /* MechoryApp.swift */ = {isa = PBXFileReference; lastKnownFileType = sourcecode.swift; path = MechoryApp.swift; sourceTree = "<group>"; };
		GI0000000000000000000004 /* CogTheme.swift */ = {isa = PBXFileReference; lastKnownFileType = sourcecode.swift; path = CogTheme.swift; sourceTree = "<group>"; };
		GI0000000000000000000005 /* CogIcons.swift */ = {isa = PBXFileReference; lastKnownFileType = sourcecode.swift; path = CogIcons.swift; sourceTree = "<group>"; };
		GI0000000000000000000006 /* CogModels.swift */ = {isa = PBXFileReference; lastKnownFileType = sourcecode.swift; path = CogModels.swift; sourceTree = "<group>"; };
		GI0000000000000000000007 /* CogStore.swift */ = {isa = PBXFileReference; lastKnownFileType = sourcecode.swift; path = CogStore.swift; sourceTree = "<group>"; };
		GI0000000000000000000008 /* MechKit.swift */ = {isa = PBXFileReference; lastKnownFileType = sourcecode.swift; path = MechKit.swift; sourceTree = "<group>"; };
		GI0000000000000000000009 /* MechScenesHouse.swift */ = {isa = PBXFileReference; lastKnownFileType = sourcecode.swift; path = MechScenesHouse.swift; sourceTree = "<group>"; };
		GI0000000000000000000010 /* MechScenesGears.swift */ = {isa = PBXFileReference; lastKnownFileType = sourcecode.swift; path = MechScenesGears.swift; sourceTree = "<group>"; };
		GI0000000000000000000011 /* MechScenesLinkages.swift */ = {isa = PBXFileReference; lastKnownFileType = sourcecode.swift; path = MechScenesLinkages.swift; sourceTree = "<group>"; };
		GI0000000000000000000012 /* MechScenesMachines.swift */ = {isa = PBXFileReference; lastKnownFileType = sourcecode.swift; path = MechScenesMachines.swift; sourceTree = "<group>"; };
		GI0000000000000000000013 /* MechLibrary.swift */ = {isa = PBXFileReference; lastKnownFileType = sourcecode.swift; path = MechLibrary.swift; sourceTree = "<group>"; };
		GI0000000000000000000014 /* MechanismView.swift */ = {isa = PBXFileReference; lastKnownFileType = sourcecode.swift; path = MechanismView.swift; sourceTree = "<group>"; };
		GI0000000000000000000015 /* WorkshopView.swift */ = {isa = PBXFileReference; lastKnownFileType = sourcecode.swift; path = WorkshopView.swift; sourceTree = "<group>"; };
		GI0000000000000000000016 /* LibraryWingView.swift */ = {isa = PBXFileReference; lastKnownFileType = sourcecode.swift; path = LibraryWingView.swift; sourceTree = "<group>"; };
		GI0000000000000000000017 /* LearnView.swift */ = {isa = PBXFileReference; lastKnownFileType = sourcecode.swift; path = LearnView.swift; sourceTree = "<group>"; };
		GI0000000000000000000018 /* LearnContent.swift */ = {isa = PBXFileReference; lastKnownFileType = sourcecode.swift; path = LearnContent.swift; sourceTree = "<group>"; };
		GI0000000000000000000019 /* QuizView.swift */ = {isa = PBXFileReference; lastKnownFileType = sourcecode.swift; path = QuizView.swift; sourceTree = "<group>"; };
		GI0000000000000000000020 /* QuizContent.swift */ = {isa = PBXFileReference; lastKnownFileType = sourcecode.swift; path = QuizContent.swift; sourceTree = "<group>"; };
		GI0000000000000000000021 /* CogProgressView.swift */ = {isa = PBXFileReference; lastKnownFileType = sourcecode.swift; path = CogProgressView.swift; sourceTree = "<group>"; };
		GI0000000000000000000022 /* CogMoreView.swift */ = {isa = PBXFileReference; lastKnownFileType = sourcecode.swift; path = CogMoreView.swift; sourceTree = "<group>"; };
		GI0000000000000000000023 /* CogOnboardingView.swift */ = {isa = PBXFileReference; lastKnownFileType = sourcecode.swift; path = CogOnboardingView.swift; sourceTree = "<group>"; };
		GI0000000000000000000024 /* CogRootView.swift */ = {isa = PBXFileReference; lastKnownFileType = sourcecode.swift; path = CogRootView.swift; sourceTree = "<group>"; };
		GI0000000000000000000025 /* CogConfetti.swift */ = {isa = PBXFileReference; lastKnownFileType = sourcecode.swift; path = CogConfetti.swift; sourceTree = "<group>"; };
		GI0000000000000000000120 /* Assets.xcassets */ = {isa = PBXFileReference; lastKnownFileType = folder.assetcatalog; path = Assets.xcassets; sourceTree = "<group>"; };
		GI0000000000000000000121 /* Art */ = {isa = PBXFileReference; lastKnownFileType = folder; path = Art; sourceTree = "<group>"; };
		GI0000000000000000000122 /* Info.plist */ = {isa = PBXFileReference; lastKnownFileType = text.plist.xml; path = Info.plist; sourceTree = "<group>"; };
		GI0000000000000000000124 /* PrivacyInfo.xcprivacy */ = {isa = PBXFileReference; lastKnownFileType = text.plist.xml; path = PrivacyInfo.xcprivacy; sourceTree = "<group>"; };
		GI0000000000000000000123 /* Mechory.app */ = {isa = PBXFileReference; explicitFileType = wrapper.application; includeInIndex = 0; path = "Mechory.app"; sourceTree = BUILT_PRODUCTS_DIR; };
		GI0000000000000000000026 /* BenchModels.swift */ = {isa = PBXFileReference; lastKnownFileType = sourcecode.swift; path = BenchModels.swift; sourceTree = "<group>"; };
		GI0000000000000000000027 /* BenchChallenges.swift */ = {isa = PBXFileReference; lastKnownFileType = sourcecode.swift; path = BenchChallenges.swift; sourceTree = "<group>"; };
		GI0000000000000000000028 /* BenchView.swift */ = {isa = PBXFileReference; lastKnownFileType = sourcecode.swift; path = BenchView.swift; sourceTree = "<group>"; };
		GI0000000000000000000029 /* BenchSceneView.swift */ = {isa = PBXFileReference; lastKnownFileType = sourcecode.swift; path = BenchSceneView.swift; sourceTree = "<group>"; };
		GI0000000000000000000030 /* ModelHallView.swift */ = {isa = PBXFileReference; lastKnownFileType = sourcecode.swift; path = ModelHallView.swift; sourceTree = "<group>"; };
		GI0000000000000000000031 /* RepairContent.swift */ = {isa = PBXFileReference; lastKnownFileType = sourcecode.swift; path = RepairContent.swift; sourceTree = "<group>"; };
		GI0000000000000000000032 /* RepairView.swift */ = {isa = PBXFileReference; lastKnownFileType = sourcecode.swift; path = RepairView.swift; sourceTree = "<group>"; };
		GI0000000000000000000033 /* CogGatePanel.swift */ = {isa = PBXFileReference; lastKnownFileType = sourcecode.swift; path = CogGatePanel.swift; sourceTree = "<group>"; };
		GI0000000000000000000034 /* CogLaunchVeil.swift */ = {isa = PBXFileReference; lastKnownFileType = sourcecode.swift; path = CogLaunchVeil.swift; sourceTree = "<group>"; };
/* End PBXFileReference section */

/* Begin PBXFrameworksBuildPhase section */
		GI0000000000000000000201 /* Frameworks */ = {
			isa = PBXFrameworksBuildPhase;
			buildActionMask = 2147483647;
			files = (
			);
			runOnlyForDeploymentPostprocessing = 0;
		};
/* End PBXFrameworksBuildPhase section */

/* Begin PBXGroup section */
		GI0000000000000000000301 = {
			isa = PBXGroup;
			children = (
				GI0000000000000000000302 /* Mechory */,
				GI0000000000000000000303 /* Products */,
			);
			sourceTree = "<group>";
		};
		GI0000000000000000000302 /* Mechory */ = {
			isa = PBXGroup;
			children = (
				GI0000000000000000000001 /* MechoryApp.swift */,
				GI0000000000000000000004 /* CogTheme.swift */,
				GI0000000000000000000005 /* CogIcons.swift */,
				GI0000000000000000000006 /* CogModels.swift */,
				GI0000000000000000000007 /* CogStore.swift */,
				GI0000000000000000000008 /* MechKit.swift */,
				GI0000000000000000000009 /* MechScenesHouse.swift */,
				GI0000000000000000000010 /* MechScenesGears.swift */,
				GI0000000000000000000011 /* MechScenesLinkages.swift */,
				GI0000000000000000000012 /* MechScenesMachines.swift */,
				GI0000000000000000000013 /* MechLibrary.swift */,
				GI0000000000000000000014 /* MechanismView.swift */,
				GI0000000000000000000015 /* WorkshopView.swift */,
				GI0000000000000000000016 /* LibraryWingView.swift */,
				GI0000000000000000000017 /* LearnView.swift */,
				GI0000000000000000000018 /* LearnContent.swift */,
				GI0000000000000000000019 /* QuizView.swift */,
				GI0000000000000000000020 /* QuizContent.swift */,
				GI0000000000000000000021 /* CogProgressView.swift */,
				GI0000000000000000000022 /* CogMoreView.swift */,
				GI0000000000000000000023 /* CogOnboardingView.swift */,
				GI0000000000000000000024 /* CogRootView.swift */,
				GI0000000000000000000025 /* CogConfetti.swift */,
				GI0000000000000000000026 /* BenchModels.swift */,
				GI0000000000000000000027 /* BenchChallenges.swift */,
				GI0000000000000000000028 /* BenchView.swift */,
				GI0000000000000000000029 /* BenchSceneView.swift */,
				GI0000000000000000000030 /* ModelHallView.swift */,
				GI0000000000000000000031 /* RepairContent.swift */,
				GI0000000000000000000032 /* RepairView.swift */,
				GI0000000000000000000033 /* CogGatePanel.swift */,
				GI0000000000000000000034 /* CogLaunchVeil.swift */,
				GI0000000000000000000120 /* Assets.xcassets */,
				GI0000000000000000000121 /* Art */,
				GI0000000000000000000122 /* Info.plist */,
				GI0000000000000000000124 /* PrivacyInfo.xcprivacy */,
			);
			path = "Mechory";
			sourceTree = "<group>";
		};
		GI0000000000000000000303 /* Products */ = {
			isa = PBXGroup;
			children = (
				GI0000000000000000000123 /* Mechory.app */,
			);
			name = Products;
			sourceTree = "<group>";
		};
/* End PBXGroup section */

/* Begin PBXNativeTarget section */
		GI0000000000000000000401 /* Mechory */ = {
			isa = PBXNativeTarget;
			buildConfigurationList = GI0000000000000000000501 /* Build configuration list for PBXNativeTarget "Mechory" */;
			buildPhases = (
				GI0000000000000000000601 /* Sources */,
				GI0000000000000000000201 /* Frameworks */,
				GI0000000000000000000602 /* Resources */,
			);
			buildRules = (
			);
			dependencies = (
			);
			name = "Mechory";
			productName = "Mechory";
			productReference = GI0000000000000000000123 /* Mechory.app */;
			productType = "com.apple.product-type.application";
		};
/* End PBXNativeTarget section */

/* Begin PBXProject section */
		GI0000000000000000000701 /* Project object */ = {
			isa = PBXProject;
			attributes = {
				BuildIndependentTargetsInParallel = 1;
				LastSwiftUpdateCheck = 1500;
				LastUpgradeCheck = 1500;
				TargetAttributes = {
					GI0000000000000000000401 = {
						CreatedOnToolsVersion = 15.0;
					};
				};
			};
			buildConfigurationList = GI0000000000000000000502 /* Build configuration list for PBXProject "Mechory" */;
			compatibilityVersion = "Xcode 14.0";
			developmentRegion = en;
			hasScannedForEncodings = 0;
			knownRegions = (
				en,
				Base,
			);
			mainGroup = GI0000000000000000000301;
			productRefGroup = GI0000000000000000000303 /* Products */;
			projectDirPath = "";
			projectRoot = "";
			targets = (
				GI0000000000000000000401 /* Mechory */,
			);
		};
/* End PBXProject section */

/* Begin PBXResourcesBuildPhase section */
		GI0000000000000000000602 /* Resources */ = {
			isa = PBXResourcesBuildPhase;
			buildActionMask = 2147483647;
			files = (
				GI0000000000000000000220 /* Assets.xcassets in Resources */,
				GI0000000000000000000221 /* Art in Resources */,
				GI0000000000000000000222 /* PrivacyInfo.xcprivacy in Resources */,
			);
			runOnlyForDeploymentPostprocessing = 0;
		};
/* End PBXResourcesBuildPhase section */

/* Begin PBXSourcesBuildPhase section */
		GI0000000000000000000601 /* Sources */ = {
			isa = PBXSourcesBuildPhase;
			buildActionMask = 2147483647;
			files = (
				GI0000000000000000001101 /* MechoryApp.swift in Sources */,
				GI0000000000000000001104 /* CogTheme.swift in Sources */,
				GI0000000000000000001105 /* CogIcons.swift in Sources */,
				GI0000000000000000001106 /* CogModels.swift in Sources */,
				GI0000000000000000001107 /* CogStore.swift in Sources */,
				GI0000000000000000001108 /* MechKit.swift in Sources */,
				GI0000000000000000001109 /* MechScenesHouse.swift in Sources */,
				GI0000000000000000001110 /* MechScenesGears.swift in Sources */,
				GI0000000000000000001111 /* MechScenesLinkages.swift in Sources */,
				GI0000000000000000001112 /* MechScenesMachines.swift in Sources */,
				GI0000000000000000001113 /* MechLibrary.swift in Sources */,
				GI0000000000000000001114 /* MechanismView.swift in Sources */,
				GI0000000000000000001115 /* WorkshopView.swift in Sources */,
				GI0000000000000000001116 /* LibraryWingView.swift in Sources */,
				GI0000000000000000001117 /* LearnView.swift in Sources */,
				GI0000000000000000001118 /* LearnContent.swift in Sources */,
				GI0000000000000000001119 /* QuizView.swift in Sources */,
				GI0000000000000000001120 /* QuizContent.swift in Sources */,
				GI0000000000000000001121 /* CogProgressView.swift in Sources */,
				GI0000000000000000001122 /* CogMoreView.swift in Sources */,
				GI0000000000000000001123 /* CogOnboardingView.swift in Sources */,
				GI0000000000000000001124 /* CogRootView.swift in Sources */,
				GI0000000000000000001125 /* CogConfetti.swift in Sources */,
				GI0000000000000000001133 /* CogGatePanel.swift in Sources */,
				GI0000000000000000001134 /* CogLaunchVeil.swift in Sources */,
				GI0000000000000000001126 /* BenchModels.swift in Sources */,
				GI0000000000000000001127 /* BenchChallenges.swift in Sources */,
				GI0000000000000000001128 /* BenchView.swift in Sources */,
				GI0000000000000000001129 /* BenchSceneView.swift in Sources */,
				GI0000000000000000001130 /* ModelHallView.swift in Sources */,
				GI0000000000000000001131 /* RepairContent.swift in Sources */,
				GI0000000000000000001132 /* RepairView.swift in Sources */,
			);
			runOnlyForDeploymentPostprocessing = 0;
		};
/* End PBXSourcesBuildPhase section */

/* Begin XCBuildConfiguration section */
		GI0000000000000000000801 /* Debug */ = {
			isa = XCBuildConfiguration;
			buildSettings = {
				ALWAYS_SEARCH_USER_PATHS = NO;
				CLANG_ANALYZER_NONNULL = YES;
				CLANG_ANALYZER_NUMBER_OBJECT_CONVERSION = YES_AGGRESSIVE;
				CLANG_CXX_LANGUAGE_STANDARD = "gnu++20";
				CLANG_ENABLE_MODULES = YES;
				CLANG_ENABLE_OBJC_ARC = YES;
				CLANG_ENABLE_OBJC_WEAK = YES;
				CLANG_WARN_BLOCK_CAPTURE_AUTORELEASING = YES;
				CLANG_WARN_BOOL_CONVERSION = YES;
				CLANG_WARN_COMMA = YES;
				CLANG_WARN_CONSTANT_CONVERSION = YES;
				CLANG_WARN_DEPRECATED_OBJC_IMPLEMENTATIONS = YES;
				CLANG_WARN_DIRECT_OBJC_ISA_USAGE = YES_ERROR;
				CLANG_WARN_DOCUMENTATION_COMMENTS = YES;
				CLANG_WARN_EMPTY_BODY = YES;
				CLANG_WARN_ENUM_CONVERSION = YES;
				CLANG_WARN_INFINITE_RECURSION = YES;
				CLANG_WARN_INT_CONVERSION = YES;
				CLANG_WARN_NON_LITERAL_NULL_CONVERSION = YES;
				CLANG_WARN_OBJC_IMPLICIT_RETAIN_SELF = YES;
				CLANG_WARN_OBJC_LITERAL_CONVERSION = YES;
				CLANG_WARN_OBJC_ROOT_CLASS = YES_ERROR;
				CLANG_WARN_QUOTED_INCLUDE_IN_FRAMEWORK_HEADER = YES;
				CLANG_WARN_RANGE_LOOP_ANALYSIS = YES;
				CLANG_WARN_STRICT_PROTOTYPES = YES;
				CLANG_WARN_SUSPICIOUS_MOVE = YES;
				CLANG_WARN_UNGUARDED_AVAILABILITY = YES_AGGRESSIVE;
				CLANG_WARN_UNREACHABLE_CODE = YES;
				CLANG_WARN__DUPLICATE_METHOD_MATCH = YES;
				COPY_PHASE_STRIP = NO;
				DEBUG_INFORMATION_FORMAT = dwarf;
				ENABLE_STRICT_OBJC_MSGSEND = YES;
				ENABLE_TESTABILITY = YES;
				ENABLE_USER_SCRIPT_SANDBOXING = YES;
				GCC_C_LANGUAGE_STANDARD = gnu17;
				GCC_DYNAMIC_NO_PIC = NO;
				GCC_NO_COMMON_BLOCKS = YES;
				GCC_OPTIMIZATION_LEVEL = 0;
				GCC_PREPROCESSOR_DEFINITIONS = (
					"DEBUG=1",
					"$(inherited)",
				);
				GCC_WARN_64_TO_32_BIT_CONVERSION = YES;
				GCC_WARN_ABOUT_RETURN_TYPE = YES_ERROR;
				GCC_WARN_UNDECLARED_SELECTOR = YES;
				GCC_WARN_UNINITIALIZED_AUTOS = YES_AGGRESSIVE;
				GCC_WARN_UNUSED_FUNCTION = YES;
				GCC_WARN_UNUSED_VARIABLE = YES;
				IPHONEOS_DEPLOYMENT_TARGET = 15.6;
				MTL_ENABLE_DEBUG_INFO = INCLUDE_SOURCE;
				MTL_FAST_MATH = YES;
				ONLY_ACTIVE_ARCH = YES;
				SDKROOT = iphoneos;
				SWIFT_ACTIVE_COMPILATION_CONDITIONS = "DEBUG $(inherited)";
				SWIFT_OPTIMIZATION_LEVEL = "-Onone";
			};
			name = Debug;
		};
		GI0000000000000000000802 /* Release */ = {
			isa = XCBuildConfiguration;
			buildSettings = {
				ALWAYS_SEARCH_USER_PATHS = NO;
				CLANG_ANALYZER_NONNULL = YES;
				CLANG_ANALYZER_NUMBER_OBJECT_CONVERSION = YES_AGGRESSIVE;
				CLANG_CXX_LANGUAGE_STANDARD = "gnu++20";
				CLANG_ENABLE_MODULES = YES;
				CLANG_ENABLE_OBJC_ARC = YES;
				CLANG_ENABLE_OBJC_WEAK = YES;
				CLANG_WARN_BLOCK_CAPTURE_AUTORELEASING = YES;
				CLANG_WARN_BOOL_CONVERSION = YES;
				CLANG_WARN_COMMA = YES;
				CLANG_WARN_CONSTANT_CONVERSION = YES;
				CLANG_WARN_DEPRECATED_OBJC_IMPLEMENTATIONS = YES;
				CLANG_WARN_DIRECT_OBJC_ISA_USAGE = YES_ERROR;
				CLANG_WARN_DOCUMENTATION_COMMENTS = YES;
				CLANG_WARN_EMPTY_BODY = YES;
				CLANG_WARN_ENUM_CONVERSION = YES;
				CLANG_WARN_INFINITE_RECURSION = YES;
				CLANG_WARN_INT_CONVERSION = YES;
				CLANG_WARN_NON_LITERAL_NULL_CONVERSION = YES;
				CLANG_WARN_OBJC_IMPLICIT_RETAIN_SELF = YES;
				CLANG_WARN_OBJC_LITERAL_CONVERSION = YES;
				CLANG_WARN_OBJC_ROOT_CLASS = YES_ERROR;
				CLANG_WARN_QUOTED_INCLUDE_IN_FRAMEWORK_HEADER = YES;
				CLANG_WARN_RANGE_LOOP_ANALYSIS = YES;
				CLANG_WARN_STRICT_PROTOTYPES = YES;
				CLANG_WARN_SUSPICIOUS_MOVE = YES;
				CLANG_WARN_UNGUARDED_AVAILABILITY = YES_AGGRESSIVE;
				CLANG_WARN_UNREACHABLE_CODE = YES;
				CLANG_WARN__DUPLICATE_METHOD_MATCH = YES;
				COPY_PHASE_STRIP = NO;
				DEBUG_INFORMATION_FORMAT = "dwarf-with-dsym";
				ENABLE_NS_ASSERTIONS = NO;
				ENABLE_STRICT_OBJC_MSGSEND = YES;
				ENABLE_USER_SCRIPT_SANDBOXING = YES;
				GCC_C_LANGUAGE_STANDARD = gnu17;
				GCC_NO_COMMON_BLOCKS = YES;
				GCC_WARN_64_TO_32_BIT_CONVERSION = YES;
				GCC_WARN_ABOUT_RETURN_TYPE = YES_ERROR;
				GCC_WARN_UNDECLARED_SELECTOR = YES;
				GCC_WARN_UNINITIALIZED_AUTOS = YES_AGGRESSIVE;
				GCC_WARN_UNUSED_FUNCTION = YES;
				GCC_WARN_UNUSED_VARIABLE = YES;
				IPHONEOS_DEPLOYMENT_TARGET = 15.6;
				MTL_ENABLE_DEBUG_INFO = NO;
				MTL_FAST_MATH = YES;
				SDKROOT = iphoneos;
				SWIFT_COMPILATION_MODE = wholemodule;
			};
			name = Release;
		};
		GI0000000000000000000803 /* Debug */ = {
			isa = XCBuildConfiguration;
			buildSettings = {
				ASSETCATALOG_COMPILER_APPICON_NAME = AppIcon;
				CODE_SIGN_IDENTITY = "";
				CODE_SIGN_STYLE = Manual;
				CURRENT_PROJECT_VERSION = 1;
				DEVELOPMENT_TEAM = "";
				ENABLE_PREVIEWS = YES;
				GENERATE_INFOPLIST_FILE = NO;
				INFOPLIST_FILE = "Mechory/Info.plist";
				IPHONEOS_DEPLOYMENT_TARGET = 15.6;
				LD_RUNPATH_SEARCH_PATHS = (
					"$(inherited)",
					"@executable_path/Frameworks",
				);
				MARKETING_VERSION = 1.0;
				PRODUCT_BUNDLE_IDENTIFIER = com.mechory.app;
				PRODUCT_NAME = "$(TARGET_NAME)";
				SUPPORTED_PLATFORMS = "iphoneos iphonesimulator";
				SUPPORTS_MACCATALYST = NO;
				SUPPORTS_MAC_DESIGNED_FOR_IPHONE_IPAD = NO;
				SUPPORTS_XR_DESIGNED_FOR_IPHONE_IPAD = NO;
				SWIFT_EMIT_LOC_STRINGS = YES;
				SWIFT_VERSION = 5.0;
				TARGETED_DEVICE_FAMILY = "1,2";
			};
			name = Debug;
		};
		GI0000000000000000000804 /* Release */ = {
			isa = XCBuildConfiguration;
			buildSettings = {
				ASSETCATALOG_COMPILER_APPICON_NAME = AppIcon;
				CODE_SIGN_IDENTITY = "";
				CODE_SIGN_STYLE = Manual;
				CURRENT_PROJECT_VERSION = 1;
				DEVELOPMENT_TEAM = "";
				ENABLE_PREVIEWS = YES;
				GENERATE_INFOPLIST_FILE = NO;
				INFOPLIST_FILE = "Mechory/Info.plist";
				IPHONEOS_DEPLOYMENT_TARGET = 15.6;
				LD_RUNPATH_SEARCH_PATHS = (
					"$(inherited)",
					"@executable_path/Frameworks",
				);
				MARKETING_VERSION = 1.0;
				PRODUCT_BUNDLE_IDENTIFIER = com.mechory.app;
				PRODUCT_NAME = "$(TARGET_NAME)";
				SUPPORTED_PLATFORMS = "iphoneos iphonesimulator";
				SUPPORTS_MACCATALYST = NO;
				SUPPORTS_MAC_DESIGNED_FOR_IPHONE_IPAD = NO;
				SUPPORTS_XR_DESIGNED_FOR_IPHONE_IPAD = NO;
				SWIFT_EMIT_LOC_STRINGS = YES;
				SWIFT_VERSION = 5.0;
				TARGETED_DEVICE_FAMILY = "1,2";
			};
			name = Release;
		};
/* End XCBuildConfiguration section */

/* Begin XCConfigurationList section */
		GI0000000000000000000501 /* Build configuration list for PBXNativeTarget "Mechory" */ = {
			isa = XCConfigurationList;
			buildConfigurations = (
				GI0000000000000000000803 /* Debug */,
				GI0000000000000000000804 /* Release */,
			);
			defaultConfigurationIsVisible = 0;
			defaultConfigurationName = Release;
		};
		GI0000000000000000000502 /* Build configuration list for PBXProject "Mechory" */ = {
			isa = XCConfigurationList;
			buildConfigurations = (
				GI0000000000000000000801 /* Debug */,
				GI0000000000000000000802 /* Release */,
			);
			defaultConfigurationIsVisible = 0;
			defaultConfigurationName = Release;
		};
/* End XCConfigurationList section */
	};
	rootObject = GI0000000000000000000701 /* Project object */;
}
